// !$*UTF8*$!
{
	archiveVersion = 1;
	classes = {
	};
	objectVersion = 46;
	objects = {

/* Begin PBXBuildFile section */
		C64454281D91D19C00EFABBA /* AppDelegate.swift in Sources */ = {isa = PBXBuildFile; fileRef = C64454271D91D19C00EFABBA /* AppDelegate.swift */; };
		C644542A1D91D19C00EFABBA /* ViewController.swift in Sources */ = {isa = PBXBuildFile; fileRef = C64454291D91D19C00EFABBA /* ViewController.swift */; };
		C644542D1D91D19C00EFABBA /* Main.storyboard in Resources */ = {isa = PBXBuildFile; fileRef = C644542B1D91D19C00EFABBA /* Main.storyboard */; };
		C644542F1D91D19C00EFABBA /* Assets.xcassets in Resources */ = {isa = PBXBuildFile; fileRef = C644542E1D91D19C00EFABBA /* Assets.xcassets */; };
		C64454321D91D19C00EFABBA /* LaunchScreen.storyboard in Resources */ = {isa = PBXBuildFile; fileRef = C64454301D91D19C00EFABBA /* LaunchScreen.storyboard */; };
/* End PBXBuildFile section */

/* Begin PBXFileReference section */
		C64454241D91D19C00EFABBA /* heusden.app */ = {isa = PBXFileReference; explicitFileType = wrapper.application; includeInIndex = 0; path = heusden.app; sourceTree = BUILT_PRODUCTS_DIR; };
		C64454271D91D19C00EFABBA /* AppDelegate.swift */ = {isa = PBXFileReference; lastKnownFileType = sourcecode.swift; path = AppDelegate.swift; sourceTree = "<group>"; };
		C64454291D91D19C00EFABBA /* ViewController.swift */ = {isa = PBXFileReference; lastKnownFileType = sourcecode.swift; path = ViewController.swift; sourceTree = "<group>"; };
		C644542C1D91D19C00EFABBA /* Base */ = {isa = PBXFileReference; lastKnownFileType = file.storyboard; name = Base; path = Base.lproj/Main.storyboard; sourceTree = "<group>"; };
		C644542E1D91D19C00EFABBA /* Assets.xcassets */ = {isa = PBXFileReference; lastKnownFileType = folder.assetcatalog; path = Assets.xcassets; sourceTree = "<group>"; };
		C64454311D91D19C00EFABBA /* Base */ = {isa = PBXFileReference; lastKnownFileType = file.storyboard; name = Base; path = Base.lproj/LaunchScreen.storyboard; sourceTree = "<group>"; };
		C64454331D91D19C00EFABBA /* Info.plist */ = {isa = PBXFileReference; lastKnownFileType = text.plist.xml; path = Info.plist; sourceTree = "<group>"; };
/* End PBXFileReference section */

/* Begin PBXFrameworksBuildPhase section */
		C64454211D91D19C00EFABBA /* Frameworks */ = {
			isa = PBXFrameworksBuildPhase;
			buildActionMask = 2147483647;
			files = (
			);
			runOnlyForDeploymentPostprocessing = 0;
		};
/* End PBXFrameworksBuildPhase section */

/* Begin PBXGroup section */
		C644541B1D91D19C00EFABBA = {
			isa = PBXGroup;
			children = (
				C64454261D91D19C00EFABBA /* heusden */,
				C64454251D91D19C00EFABBA /* Products */,
			);
			sourceTree = "<group>";
		};
		C64454251D91D19C00EFABBA /* Products */ = {
			isa = PBXGroup;
			children = (
				C64454241D91D19C00EFABBA /* heusden.app */,
			);
			name = Products;
			sourceTree = "<group>";
		};
		C64454261D91D19C00EFABBA /* heusden */ = {
			isa = PBXGroup;
			children = (
				C64454271D91D19C00EFABBA /* AppDelegate.swift */,
				C64454291D91D19C00EFABBA /* ViewController.swift */,
				C644542B1D91D19C00EFABBA /* Main.storyboard */,
				C644542E1D91D19C00EFABBA /* Assets.xcassets */,
				C64454301D91D19C00EFABBA /* LaunchScreen.storyboard */,
				C64454331D91D19C00EFABBA /* Info.plist */,
			);
			path = heusden;
			sourceTree = "<group>";
		};
/* End PBXGroup section */

/* Begin PBXNativeTarget section */
		C64454231D91D19C00EFABBA /* heusden */ = {
			isa = PBXNativeTarget;
			buildConfigurationList = C64454361D91D19C00EFABBA /* Build configuration list for PBXNativeTarget "heusden" */;
			buildPhases = (
				C64454201D91D19C00EFABBA /* Sources */,
				C64454211D91D19C00EFABBA /* Frameworks */,
				C64454221D91D19C00EFABBA /* Resources */,
			);
			buildRules = (
			);
			dependencies = (
			);
			name = heusden;
			productName = heusden;
			productReference = C64454241D91D19C00EFABBA /* heusden.app */;
			productType = "com.apple.product-type.application";
		};
/* End PBXNativeTarget section */

/* Begin PBXProject section */
		C644541C1D91D19C00EFABBA /* Project object */ = {
			isa = PBXProject;
			attributes = {
				LastSwiftUpdateCheck = 0800;
				LastUpgradeCheck = 0800;
				ORGANIZATIONNAME = p1p5;
				TargetAttributes = {
					C64454231D91D19C00EFABBA = {
						CreatedOnToolsVersion = 8.0;
						ProvisioningStyle = Automatic;
					};
				};
			};
			buildConfigurationList = C644541F1D91D19C00EFABBA /* Build configuration list for PBXProject "heusden" */;
			compatibilityVersion = "Xcode 3.2";
			developmentRegion = English;
			hasScannedForEncodings = 0;
			knownRegions = (
				en,
				Base,
			);
			mainGroup = C644541B1D91D19C00EFABBA;
			productRefGroup = C64454251D91D19C00EFABBA /* Products */;
			projectDirPath = "";
			projectRoot = "";
			targets = (
				C64454231D91D19C00EFABBA /* heusden */,
			);
		};
/* End PBXProject section */

/* Begin PBXResourcesBuildPhase section */
		C64454221D91D19C00EFABBA /* Resources */ = {
			isa = PBXResourcesBuildPhase;
			buildActionMask = 2147483647;
			files = (
				C64454321D91D19C00EFABBA /* LaunchScreen.storyboard in Resources */,
				C644542F1D91D19C00EFABBA /* Assets.xcassets in Resources */,
				C644542D1D91D19C00EFABBA /* Main.storyboard in Resources */,
			);
			runOnlyForDeploymentPostprocessing = 0;
		};
/* End PBXResourcesBuildPhase section */

/* Begin PBXSourcesBuildPhase section */
		C64454201D91D19C00EFABBA /* Sources */ = {
			isa = PBXSourcesBuildPhase;
			buildActionMask = 2147483647;
			files = (
				C644542A1D91D19C00EFABBA /* ViewController.swift in Sources */,
				C64454281D91D19C00EFABBA /* AppDelegate.swift in Sources */,
			);
			runOnlyForDeploymentPostprocessing = 0;
		};
/* End PBXSourcesBuildPhase section */

/* Begin PBXVariantGroup section */
		C644542B1D91D19C00EFABBA /* Main.storyboard */ = {
			isa = PBXVariantGroup;
			children = (
				C644542C1D91D19C00EFABBA /* Base */,
			);
			name = Main.storyboard;
			sourceTree = "<group>";
		};
		C64454301D91D19C00EFABBA /* LaunchScreen.storyboard */ = {
			isa = PBXVariantGroup;
			children = (
				C64454311D91D19C00EFABBA /* Base */,
			);
			name = LaunchScreen.storyboard;
			sourceTree = "<group>";
		};
/* End PBXVariantGroup section */

/* Begin XCBuildConfiguration section */
		C64454341D91D19C00EFABBA /* Debug */ = {
			isa = XCBuildConfiguration;
			buildSettings = {
				ALWAYS_SEARCH_USER_PATHS = NO;
				CLANG_ANALYZER_NONNULL = YES;
				CLANG_CXX_LANGUAGE_STANDARD = "gnu++0x";
				CLANG_CXX_LIBRARY = "libc++";
				CLANG_ENABLE_MODULES = YES;
				CLANG_ENABLE_OBJC_ARC = YES;
				CLANG_WARN_BOOL_CONVERSION = YES;
				CLANG_WARN_CONSTANT_CONVERSION = YES;
				CLANG_WARN_DIRECT_OBJC_ISA_USAGE = YES_ERROR;
				CLANG_WARN_DOCUMENTATION_COMMENTS = YES;
				CLANG_WARN_EMPTY_BODY = YES;
				CLANG_WARN_ENUM_CONVERSION = YES;
				CLANG_WARN_INFINITE_RECURSION = YES;
				CLANG_WARN_INT_CONVERSION = YES;
				CLANG_WARN_OBJC_ROOT_CLASS = YES_ERROR;
				CLANG_WARN_SUSPICIOUS_MOVES = YES;
				CLANG_WARN_UNREACHABLE_CODE = YES;
				CLANG_WARN__DUPLICATE_METHOD_MATCH = YES;
				"CODE_SIGN_IDENTITY[sdk=iphoneos*]" = "iPhone Developer";
				COPY_PHASE_STRIP = NO;
				DEBUG_INFORMATION_FORMAT = dwarf;
				ENABLE_STRICT_OBJC_MSGSEND = YES;
				ENABLE_TESTABILITY = YES;
				GCC_C_LANGUAGE_STANDARD = gnu99;
				GCC_DYNAMIC_NO_PIC = NO;
				GCC_NO_COMMON_BLOCKS = YES;
				GCC_OPTIMIZATION_LEVEL = 0;
				GCC_PREPROCESSOR_DEFINITIONS = (
					"DEBUG=1",
					"$(inherited)",
				);
				GCC_WARN_64_TO_32_BIT_CONVERSION = YES;
				GCC_WARN_ABOUT_RETURN_TYPE = YES_ERROR;
				GCC_WARN_UNDECLARED_SELECTOR = YES;
				GCC_WARN_UNINITIALIZED_AUTOS = YES_AGGRESSIVE;
				GCC_WARN_UNUSED_FUNCTION = YES;
				GCC_WARN_UNUSED_VARIABLE = YES;
				IPHONEOS_DEPLOYMENT_TARGET = 10.0;
				MTL_ENABLE_DEBUG_INFO = YES;
				ONLY_ACTIVE_ARCH = YES;
				SDKROOT = iphoneos;
				SWIFT_ACTIVE_COMPILATION_CONDITIONS = DEBUG;
				SWIFT_OPTIMIZATION_LEVEL = "-Onone";
			};
			name = Debug;
		};
		C64454351D91D19C00EFABBA /* Release */ = {
			isa = XCBuildConfiguration;
			buildSettings = {
				ALWAYS_SEARCH_USER_PATHS = NO;
				CLANG_ANALYZER_NONNULL = YES;
				CLANG_CXX_LANGUAGE_STANDARD = "gnu++0x";
				CLANG_CXX_LIBRARY = "libc++";
				CLANG_ENABLE_MODULES = YES;
				CLANG_ENABLE_OBJC_ARC = YES;
				CLANG_WARN_BOOL_CONVERSION = YES;
				CLANG_WARN_CONSTANT_CONVERSION = YES;
				CLANG_WARN_DIRECT_OBJC_ISA_USAGE = YES_ERROR;
				CLANG_WARN_DOCUMENTATION_COMMENTS = YES;
				CLANG_WARN_EMPTY_BODY = YES;
				CLANG_WARN_ENUM_CONVERSION = YES;
				CLANG_WARN_INFINITE_RECURSION = YES;
				CLANG_WARN_INT_CONVERSION = YES;
				CLANG_WARN_OBJC_ROOT_CLASS = YES_ERROR;
				CLANG_WARN_SUSPICIOUS_MOVES = YES;
				CLANG_WARN_UNREACHABLE_CODE = YES;
				CLANG_WARN__DUPLICATE_METHOD_MATCH = YES;
				"CODE_SIGN_IDENTITY[sdk=iphoneos*]" = "iPhone Developer";
				COPY_PHASE_STRIP = NO;
				DEBUG_INFORMATION_FORMAT = "dwarf-with-dsym";
				ENABLE_NS_ASSERTIONS = NO;
				ENABLE_STRICT_OBJC_MSGSEND = YES;
				GCC_C_LANGUAGE_STANDARD = gnu99;
				GCC_NO_COMMON_BLOCKS = YES;
				GCC_WARN_64_TO_32_BIT_CONVERSION = YES;
				GCC_WARN_ABOUT_RETURN_TYPE = YES_ERROR;
				GCC_WARN_UNDECLARED_SELECTOR = YES;
				GCC_WARN_UNINITIALIZED_AUTOS = YES_AGGRESSIVE;
				GCC_WARN_UNUSED_FUNCTION = YES;
				GCC_WARN_UNUSED_VARIABLE = YES;
				IPHONEOS_DEPLOYMENT_TARGET = 10.0;
				MTL_ENABLE_DEBUG_INFO = NO;
				SDKROOT = iphoneos;
				SWIFT_OPTIMIZATION_LEVEL = "-Owholemodule";
				VALIDATE_PRODUCT = YES;
			};
			name = Release;
		};
		C64454371D91D19C00EFABBA /* Debug */ = {
			isa = XCBuildConfiguration;
			buildSettings = {
				ASSETCATALOG_COMPILER_APPICON_NAME = AppIcon;
				INFOPLIST_FILE = heusden/Info.plist;
				LD_RUNPATH_SEARCH_PATHS = "$(inherited) @executable_path/Frameworks";
				PRODUCT_BUNDLE_IDENTIFIER = nl.p1p5.heusden;
				PRODUCT_NAME = "$(TARGET_NAME)";
				SWIFT_VERSION = 3.0;
			};
			name = Debug;
		};
		C64454381D91D19C00EFABBA /* Release */ = {
			isa = XCBuildConfiguration;
			buildSettings = {
				ASSETCATALOG_COMPILER_APPICON_NAME = AppIcon;
				INFOPLIST_FILE = heusden/Info.plist;
				LD_RUNPATH_SEARCH_PATHS = "$(inherited) @executable_path/Frameworks";
				PRODUCT_BUNDLE_IDENTIFIER = nl.p1p5.heusden;
				PRODUCT_NAME = "$(TARGET_NAME)";
				SWIFT_VERSION = 3.0;
			};
			name = Release;
		};
/* End XCBuildConfiguration section */

/* Begin XCConfigurationList section */
		C644541F1D91D19C00EFABBA /* Build configuration list for PBXProject "heusden" */ = {
			isa = XCConfigurationList;
			buildConfigurations = (
				C64454341D91D19C00EFABBA /* Debug */,
				C64454351D91D19C00EFABBA /* Release */,
			);
			defaultConfigurationIsVisible = 0;
			defaultConfigurationName = Release;
		};
		C64454361D91D19C00EFABBA /* Build configuration list for PBXNativeTarget "heusden" */ = {
			isa = XCConfigurationList;
			buildConfigurations = (
				C64454371D91D19C00EFABBA /* Debug */,
				C64454381D91D19C00EFABBA /* Release */,
			);
			defaultConfigurationIsVisible = 0;
		};
/* End XCConfigurationList section */
	};
	rootObject = C644541C1D91D19C00EFABBA /* Project object */;
}
